
Microsoft Visual Studio Solution File, Format Version 12.00
# Visual Studio Version 17
VisualStudioVersion = 17.7.34031.279
MinimumVisualStudioVersion = 10.0.40219.1
Project("{9A19103F-16F7-4668-BE54-9A1E7A4F7556}") = "Traversal_Core_Proje", "Traversal_Core_Proje\Traversal_Core_Proje.csproj", "{2BEB10A8-6E2C-42FE-8010-97E640684F1B}"
EndProject
Project("{9A19103F-16F7-4668-BE54-9A1E7A4F7556}") = "EntityLayer", "EntityLayer\EntityLayer.csproj", "{68FEB68D-0EEC-458C-8905-576659CC3075}"
EndProject
Project("{9A19103F-16F7-4668-BE54-9A1E7A4F7556}") = "DataAccessLayer", "DataAccessLayer\DataAccessLayer.csproj", "{433215EC-29AA-4F2D-A112-251B1C7C96DF}"
EndProject
Project("{9A19103F-16F7-4668-BE54-9A1E7A4F7556}") = "BusinessLayer", "BusinessLayer\BusinessLayer.csproj", "{2C72D2AB-6C9D-4E96-AAC8-9A09CE766886}"
EndProject
Project("{FAE04EC0-301F-11D3-BF4B-00C04F79EFBC}") = "DTOLayer", "DTOLayer\DTOLayer.csproj", "{21FD7ECE-E1FF-4441-B3B6-6075ECCE6BC8}"
EndProject
Global
	GlobalSection(SolutionConfigurationPlatforms) = preSolution
		Debug|Any CPU = Debug|Any CPU
		Release|Any CPU = Release|Any CPU
	EndGlobalSection
	GlobalSection(ProjectConfigurationPlatforms) = postSolution
		{2BEB10A8-6E2C-42FE-8010-97E640684F1B}.Debug|Any CPU.ActiveCfg = Debug|Any CPU
		{2BEB10A8-6E2C-42FE-8010-97E640684F1B}.Debug|Any CPU.Build.0 = Debug|Any CPU
		{2BEB10A8-6E2C-42FE-8010-97E640684F1B}.Release|Any CPU.ActiveCfg = Release|Any CPU
		{2BEB10A8-6E2C-42FE-8010-97E640684F1B}.Release|Any CPU.Build.0 = Release|Any CPU
		{68FEB68D-0EEC-458C-8905-576659CC3075}.Debug|Any CPU.ActiveCfg = Debug|Any CPU
		{68FEB68D-0EEC-458C-8905-576659CC3075}.Debug|Any CPU.Build.0 = Debug|Any CPU
		{68FEB68D-0EEC-458C-8905-576659CC3075}.Release|Any CPU.ActiveCfg = Release|Any CPU
		{68FEB68D-0EEC-458C-8905-576659CC3075}.Release|Any CPU.Build.0 = Release|Any CPU
		{433215EC-29AA-4F2D-A112-251B1C7C96DF}.Debug|Any CPU.ActiveCfg = Debug|Any CPU
		{433215EC-29AA-4F2D-A112-251B1C7C96DF}.Debug|Any CPU.Build.0 = Debug|Any CPU
		{433215EC-29AA-4F2D-A112-251B1C7C96DF}.Release|Any CPU.ActiveCfg = Release|Any CPU
		{433215EC-29AA-4F2D-A112-251B1C7C96DF}.Release|Any CPU.Build.0 = Release|Any CPU
		{2C72D2AB-6C9D-4E96-AAC8-9A09CE766886}.Debug|Any CPU.ActiveCfg = Debug|Any CPU
		{2C72D2AB-6C9D-4E96-AAC8-9A09CE766886}.Debug|Any CPU.Build.0 = Debug|Any CPU
		{2C72D2AB-6C9D-4E96-AAC8-9A09CE766886}.Release|Any CPU.ActiveCfg = Release|Any CPU
		{2C72D2AB-6C9D-4E96-AAC8-9A09CE766886}.Release|Any CPU.Build.0 = Release|Any CPU
		{21FD7ECE-E1FF-4441-B3B6-6075ECCE6BC8}.Debug|Any CPU.ActiveCfg = Debug|Any CPU
		{21FD7ECE-E1FF-4441-B3B6-6075ECCE6BC8}.Debug|Any CPU.Build.0 = Debug|Any CPU
		{21FD7ECE-E1FF-4441-B3B6-6075ECCE6BC8}.Release|Any CPU.ActiveCfg = Release|Any CPU
		{21FD7ECE-E1FF-4441-B3B6-6075ECCE6BC8}.Release|Any CPU.Build.0 = Release|Any CPU
	EndGlobalSection
	GlobalSection(SolutionProperties) = preSolution
		HideSolutionNode = FALSE
	EndGlobalSection
	GlobalSection(ExtensibilityGlobals) = postSolution
		SolutionGuid = {60060B37-EFF5-4B5B-B77B-D86BB453E21E}
	EndGlobalSection
EndGlobal
